<?xml version="1.0" encoding="utf-8"?>
<Project ToolsVersion="17.0" xmlns="http://schemas.microsoft.com/developer/msbuild/2003">
  <ItemGroup>
    <ClCompile Include="C:\Users\user\Documents\GitHub\Arkasha_rep\CMake\main.cpp">
      <Filter>Source Files</Filter>
    </ClCompile>
  </ItemGroup>
  <ItemGroup>
    <CustomBuild Include="C:\Users\user\Documents\GitHub\Arkasha_rep\CMake\CmakeLists.txt" />
  </ItemGroup>
  <ItemGroup>
    <Filter Include="Source Files">
      <UniqueIdentifier>{25133A2C-1BBB-3FDD-AE25-9C416C65A7BF}</UniqueIdentifier>
    </Filter>
  </ItemGroup>
</Project>
